<?xml version="1.0" encoding="UTF-8"?>
<!DOCTYPE plist PUBLIC "-//Apple//DTD PLIST 1.0//EN" "http://www.apple.com/DTDs/PropertyList-1.0.dtd">
<plist version="1.0">
<dict>
	<key>archiveVersion</key>
	<string>1</string>
	<key>classes</key>
	<dict/>
	<key>objectVersion</key>
	<string>46</string>
	<key>objects</key>
	<dict>
		<key>0024395FBFE16B453513F8F8</key>
		<dict>
			<key>buildActionMask</key>
			<string>2147483647</string>
			<key>files</key>
			<array/>
			<key>inputPaths</key>
			<array/>
			<key>isa</key>
			<string>PBXShellScriptBuildPhase</string>
			<key>name</key>
			<string>&#128230; Check Pods Manifest.lock</string>
			<key>outputPaths</key>
			<array/>
			<key>runOnlyForDeploymentPostprocessing</key>
			<string>0</string>
			<key>shellPath</key>
			<string>/bin/sh</string>
			<key>shellScript</key>
			<string>diff "${PODS_ROOT}/../Podfile.lock" "${PODS_ROOT}/Manifest.lock" &gt; /dev/null
if [[ $? != 0 ]] ; then
    cat &lt;&lt; EOM
error: The sandbox is not in sync with the Podfile.lock. Run 'pod install' or update your CocoaPods installation.
EOM
    exit 1
fi
</string>
			<key>showEnvVarsInLog</key>
			<string>0</string>
		</dict>
		<key>0DE88338F7D31FE07050F3B3</key>
		<dict>
			<key>explicitFileType</key>
			<string>archive.ar</string>
			<key>includeInIndex</key>
			<string>0</string>
			<key>isa</key>
			<string>PBXFileReference</string>
			<key>path</key>
			<string>libPods-ZGDScrollerView.a</string>
			<key>sourceTree</key>
			<string>BUILT_PRODUCTS_DIR</string>
		</dict>
		<key>132BE2D02838F929530E36E6</key>
		<dict>
			<key>children</key>
			<array>
				<string>0DE88338F7D31FE07050F3B3</string>
				<string>FD11EA234C09937A32756BE7</string>
				<string>F4CA9BDF3E08407F4BAAC898</string>
			</array>
			<key>isa</key>
			<string>PBXGroup</string>
			<key>name</key>
			<string>Frameworks</string>
			<key>sourceTree</key>
			<string>&lt;group&gt;</string>
		</dict>
		<key>196399891D88052F66019751</key>
		<dict>
			<key>buildActionMask</key>
			<string>2147483647</string>
			<key>files</key>
			<array/>
			<key>inputPaths</key>
			<array/>
			<key>isa</key>
			<string>PBXShellScriptBuildPhase</string>
			<key>name</key>
			<string>&#128230; Copy Pods Resources</string>
			<key>outputPaths</key>
			<array/>
			<key>runOnlyForDeploymentPostprocessing</key>
			<string>0</string>
			<key>shellPath</key>
			<string>/bin/sh</string>
			<key>shellScript</key>
			<string>"${SRCROOT}/Pods/Target Support Files/Pods-ZGDScrollerView/Pods-ZGDScrollerView-resources.sh"
</string>
			<key>showEnvVarsInLog</key>
			<string>0</string>
		</dict>
		<key>1F6396933D543D7E45EA9577</key>
		<dict>
			<key>buildActionMask</key>
			<string>2147483647</string>
			<key>files</key>
			<array/>
			<key>inputPaths</key>
			<array/>
			<key>isa</key>
			<string>PBXShellScriptBuildPhase</string>
			<key>name</key>
			<string>&#128230; Copy Pods Resources</string>
			<key>outputPaths</key>
			<array/>
			<key>runOnlyForDeploymentPostprocessing</key>
			<string>0</string>
			<key>shellPath</key>
			<string>/bin/sh</string>
			<key>shellScript</key>
			<string>"${SRCROOT}/Pods/Target Support Files/Pods-ZGDScrollerViewUITests/Pods-ZGDScrollerViewUITests-resources.sh"
</string>
			<key>showEnvVarsInLog</key>
			<string>0</string>
		</dict>
		<key>37078E6A1FEC1AC06158F9F5</key>
		<dict>
			<key>includeInIndex</key>
			<string>1</string>
			<key>isa</key>
			<string>PBXFileReference</string>
			<key>lastKnownFileType</key>
			<string>text.xcconfig</string>
			<key>name</key>
			<string>Pods-ZGDScrollerViewUITests.release.xcconfig</string>
			<key>path</key>
			<string>Pods/Target Support Files/Pods-ZGDScrollerViewUITests/Pods-ZGDScrollerViewUITests.release.xcconfig</string>
			<key>sourceTree</key>
			<string>&lt;group&gt;</string>
		</dict>
		<key>39472B17FCDE2A76F96D295D</key>
		<dict>
			<key>buildActionMask</key>
			<string>2147483647</string>
			<key>files</key>
			<array/>
			<key>inputPaths</key>
			<array/>
			<key>isa</key>
			<string>PBXShellScriptBuildPhase</string>
			<key>name</key>
			<string>&#128230; Copy Pods Resources</string>
			<key>outputPaths</key>
			<array/>
			<key>runOnlyForDeploymentPostprocessing</key>
			<string>0</string>
			<key>shellPath</key>
			<string>/bin/sh</string>
			<key>shellScript</key>
			<string>"${SRCROOT}/Pods/Target Support Files/Pods-ZGDScrollerViewTests/Pods-ZGDScrollerViewTests-resources.sh"
</string>
			<key>showEnvVarsInLog</key>
			<string>0</string>
		</dict>
		<key>3AB4C5028CFE885BDC48CDBE</key>
		<dict>
			<key>includeInIndex</key>
			<string>1</string>
			<key>isa</key>
			<string>PBXFileReference</string>
			<key>lastKnownFileType</key>
			<string>text.xcconfig</string>
			<key>name</key>
			<string>Pods-ZGDScrollerViewTests.release.xcconfig</string>
			<key>path</key>
			<string>Pods/Target Support Files/Pods-ZGDScrollerViewTests/Pods-ZGDScrollerViewTests.release.xcconfig</string>
			<key>sourceTree</key>
			<string>&lt;group&gt;</string>
		</dict>
		<key>511BEFCB1DACABF1008C5212</key>
		<dict>
			<key>children</key>
			<array>
				<string>511BEFD61DACABF1008C5212</string>
				<string>511BEFF01DACABF1008C5212</string>
				<string>511BEFFB1DACABF1008C5212</string>
				<string>511BEFD51DACABF1008C5212</string>
				<string>70C12CFD08E184EEBC01F3C6</string>
				<string>132BE2D02838F929530E36E6</string>
			</array>
			<key>isa</key>
			<string>PBXGroup</string>
			<key>sourceTree</key>
			<string>&lt;group&gt;</string>
		</dict>
		<key>511BEFCC1DACABF1008C5212</key>
		<dict>
			<key>attributes</key>
			<dict>
				<key>LastUpgradeCheck</key>
				<string>0800</string>
				<key>ORGANIZATIONNAME</key>
				<string>&#36213;&#22269;&#26635;</string>
				<key>TargetAttributes</key>
				<dict>
					<key>511BEFD31DACABF1008C5212</key>
					<dict>
						<key>CreatedOnToolsVersion</key>
						<string>8.0</string>
						<key>DevelopmentTeam</key>
						<string>U2B7UK435Y</string>
						<key>ProvisioningStyle</key>
						<string>Automatic</string>
					</dict>
					<key>511BEFEC1DACABF1008C5212</key>
					<dict>
						<key>CreatedOnToolsVersion</key>
						<string>8.0</string>
						<key>DevelopmentTeam</key>
						<string>U2B7UK435Y</string>
						<key>ProvisioningStyle</key>
						<string>Automatic</string>
						<key>TestTargetID</key>
						<string>511BEFD31DACABF1008C5212</string>
					</dict>
					<key>511BEFF71DACABF1008C5212</key>
					<dict>
						<key>CreatedOnToolsVersion</key>
						<string>8.0</string>
						<key>DevelopmentTeam</key>
						<string>U2B7UK435Y</string>
						<key>ProvisioningStyle</key>
						<string>Automatic</string>
						<key>TestTargetID</key>
						<string>511BEFD31DACABF1008C5212</string>
					</dict>
				</dict>
			</dict>
			<key>buildConfigurationList</key>
			<string>511BEFCF1DACABF1008C5212</string>
			<key>compatibilityVersion</key>
			<string>Xcode 3.2</string>
			<key>developmentRegion</key>
			<string>English</string>
			<key>hasScannedForEncodings</key>
			<string>0</string>
			<key>isa</key>
			<string>PBXProject</string>
			<key>knownRegions</key>
			<array>
				<string>en</string>
				<string>Base</string>
			</array>
			<key>mainGroup</key>
			<string>511BEFCB1DACABF1008C5212</string>
			<key>productRefGroup</key>
			<string>511BEFD51DACABF1008C5212</string>
			<key>projectDirPath</key>
			<string></string>
			<key>projectReferences</key>
			<array/>
			<key>projectRoot</key>
			<string></string>
			<key>targets</key>
			<array>
				<string>511BEFD31DACABF1008C5212</string>
				<string>511BEFEC1DACABF1008C5212</string>
				<string>511BEFF71DACABF1008C5212</string>
			</array>
		</dict>
		<key>511BEFCF1DACABF1008C5212</key>
		<dict>
			<key>buildConfigurations</key>
			<array>
				<string>511BEFFF1DACABF1008C5212</string>
				<string>511BF0001DACABF1008C5212</string>
			</array>
			<key>defaultConfigurationIsVisible</key>
			<string>0</string>
			<key>defaultConfigurationName</key>
			<string>Release</string>
			<key>isa</key>
			<string>XCConfigurationList</string>
		</dict>
		<key>511BEFD01DACABF1008C5212</key>
		<dict>
			<key>buildActionMask</key>
			<string>2147483647</string>
			<key>files</key>
			<array>
				<string>511BEFDF1DACABF1008C5212</string>
				<string>511BF0121DACACCA008C5212</string>
				<string>511BEFDC1DACABF1008C5212</string>
				<string>511BF0101DACACCA008C5212</string>
				<string>511BEFD91DACABF1008C5212</string>
			</array>
			<key>isa</key>
			<string>PBXSourcesBuildPhase</string>
			<key>runOnlyForDeploymentPostprocessing</key>
			<string>0</string>
		</dict>
		<key>511BEFD11DACABF1008C5212</key>
		<dict>
			<key>buildActionMask</key>
			<string>2147483647</string>
			<key>files</key>
			<array>
				<string>F891FB26AE4E4B41C5020D52</string>
			</array>
			<key>isa</key>
			<string>PBXFrameworksBuildPhase</string>
			<key>runOnlyForDeploymentPostprocessing</key>
			<string>0</string>
		</dict>
		<key>511BEFD21DACABF1008C5212</key>
		<dict>
			<key>buildActionMask</key>
			<string>2147483647</string>
			<key>files</key>
			<array>
				<string>511BEFE71DACABF1008C5212</string>
				<string>511BEFE41DACABF1008C5212</string>
				<string>511BF0111DACACCA008C5212</string>
				<string>511BEFE21DACABF1008C5212</string>
			</array>
			<key>isa</key>
			<string>PBXResourcesBuildPhase</string>
			<key>runOnlyForDeploymentPostprocessing</key>
			<string>0</string>
		</dict>
		<key>511BEFD31DACABF1008C5212</key>
		<dict>
			<key>buildConfigurationList</key>
			<string>511BF0011DACABF1008C5212</string>
			<key>buildPhases</key>
			<array>
				<string>88D14209F08860035E7E38DC</string>
				<string>511BEFD01DACABF1008C5212</string>
				<string>511BEFD11DACABF1008C5212</string>
				<string>511BEFD21DACABF1008C5212</string>
				<string>A5541455552F4B935CB367B8</string>
				<string>196399891D88052F66019751</string>
			</array>
			<key>buildRules</key>
			<array/>
			<key>dependencies</key>
			<array/>
			<key>isa</key>
			<string>PBXNativeTarget</string>
			<key>name</key>
			<string>ZGDScrollerView</string>
			<key>productName</key>
			<string>ZGDScrollerView</string>
			<key>productReference</key>
			<string>511BEFD41DACABF1008C5212</string>
			<key>productType</key>
			<string>com.apple.product-type.application</string>
		</dict>
		<key>511BEFD41DACABF1008C5212</key>
		<dict>
			<key>explicitFileType</key>
			<string>wrapper.application</string>
			<key>includeInIndex</key>
			<string>0</string>
			<key>isa</key>
			<string>PBXFileReference</string>
			<key>path</key>
			<string>ZGDScrollerView.app</string>
			<key>sourceTree</key>
			<string>BUILT_PRODUCTS_DIR</string>
		</dict>
		<key>511BEFD51DACABF1008C5212</key>
		<dict>
			<key>children</key>
			<array>
				<string>511BEFD41DACABF1008C5212</string>
				<string>511BEFED1DACABF1008C5212</string>
				<string>511BEFF81DACABF1008C5212</string>
			</array>
			<key>isa</key>
			<string>PBXGroup</string>
			<key>name</key>
			<string>Products</string>
			<key>sourceTree</key>
			<string>&lt;group&gt;</string>
		</dict>
		<key>511BEFD61DACABF1008C5212</key>
		<dict>
			<key>children</key>
			<array>
				<string>511BF00A1DACACCA008C5212</string>
				<string>511BEFDA1DACABF1008C5212</string>
				<string>511BEFDB1DACABF1008C5212</string>
				<string>511BEFDD1DACABF1008C5212</string>
				<string>511BEFDE1DACABF1008C5212</string>
				<string>511BEFE01DACABF1008C5212</string>
				<string>511BEFE31DACABF1008C5212</string>
				<string>511BEFE51DACABF1008C5212</string>
				<string>511BEFE81DACABF1008C5212</string>
				<string>511BEFD71DACABF1008C5212</string>
			</array>
			<key>isa</key>
			<string>PBXGroup</string>
			<key>path</key>
			<string>ZGDScrollerView</string>
			<key>sourceTree</key>
			<string>&lt;group&gt;</string>
		</dict>
		<key>511BEFD71DACABF1008C5212</key>
		<dict>
			<key>children</key>
			<array>
				<string>511BEFD81DACABF1008C5212</string>
			</array>
			<key>isa</key>
			<string>PBXGroup</string>
			<key>name</key>
			<string>Supporting Files</string>
			<key>sourceTree</key>
			<string>&lt;group&gt;</string>
		</dict>
		<key>511BEFD81DACABF1008C5212</key>
		<dict>
			<key>isa</key>
			<string>PBXFileReference</string>
			<key>lastKnownFileType</key>
			<string>sourcecode.c.objc</string>
			<key>path</key>
			<string>main.m</string>
			<key>sourceTree</key>
			<string>&lt;group&gt;</string>
		</dict>
		<key>511BEFD91DACABF1008C5212</key>
		<dict>
			<key>fileRef</key>
			<string>511BEFD81DACABF1008C5212</string>
			<key>isa</key>
			<string>PBXBuildFile</string>
		</dict>
		<key>511BEFDA1DACABF1008C5212</key>
		<dict>
			<key>isa</key>
			<string>PBXFileReference</string>
			<key>lastKnownFileType</key>
			<string>sourcecode.c.h</string>
			<key>path</key>
			<string>AppDelegate.h</string>
			<key>sourceTree</key>
			<string>&lt;group&gt;</string>
		</dict>
		<key>511BEFDB1DACABF1008C5212</key>
		<dict>
			<key>isa</key>
			<string>PBXFileReference</string>
			<key>lastKnownFileType</key>
			<string>sourcecode.c.objc</string>
			<key>path</key>
			<string>AppDelegate.m</string>
			<key>sourceTree</key>
			<string>&lt;group&gt;</string>
		</dict>
		<key>511BEFDC1DACABF1008C5212</key>
		<dict>
			<key>fileRef</key>
			<string>511BEFDB1DACABF1008C5212</string>
			<key>isa</key>
			<string>PBXBuildFile</string>
		</dict>
		<key>511BEFDD1DACABF1008C5212</key>
		<dict>
			<key>isa</key>
			<string>PBXFileReference</string>
			<key>lastKnownFileType</key>
			<string>sourcecode.c.h</string>
			<key>path</key>
			<string>ViewController.h</string>
			<key>sourceTree</key>
			<string>&lt;group&gt;</string>
		</dict>
		<key>511BEFDE1DACABF1008C5212</key>
		<dict>
			<key>isa</key>
			<string>PBXFileReference</string>
			<key>lastKnownFileType</key>
			<string>sourcecode.c.objc</string>
			<key>path</key>
			<string>ViewController.m</string>
			<key>sourceTree</key>
			<string>&lt;group&gt;</string>
		</dict>
		<key>511BEFDF1DACABF1008C5212</key>
		<dict>
			<key>fileRef</key>
			<string>511BEFDE1DACABF1008C5212</string>
			<key>isa</key>
			<string>PBXBuildFile</string>
		</dict>
		<key>511BEFE01DACABF1008C5212</key>
		<dict>
			<key>children</key>
			<array>
				<string>511BEFE11DACABF1008C5212</string>
			</array>
			<key>isa</key>
			<string>PBXVariantGroup</string>
			<key>name</key>
			<string>Main.storyboard</string>
			<key>sourceTree</key>
			<string>&lt;group&gt;</string>
		</dict>
		<key>511BEFE11DACABF1008C5212</key>
		<dict>
			<key>isa</key>
			<string>PBXFileReference</string>
			<key>lastKnownFileType</key>
			<string>file.storyboard</string>
			<key>name</key>
			<string>Base</string>
			<key>path</key>
			<string>Base.lproj/Main.storyboard</string>
			<key>sourceTree</key>
			<string>&lt;group&gt;</string>
		</dict>
		<key>511BEFE21DACABF1008C5212</key>
		<dict>
			<key>fileRef</key>
			<string>511BEFE01DACABF1008C5212</string>
			<key>isa</key>
			<string>PBXBuildFile</string>
		</dict>
		<key>511BEFE31DACABF1008C5212</key>
		<dict>
			<key>isa</key>
			<string>PBXFileReference</string>
			<key>lastKnownFileType</key>
			<string>folder.assetcatalog</string>
			<key>path</key>
			<string>Assets.xcassets</string>
			<key>sourceTree</key>
			<string>&lt;group&gt;</string>
		</dict>
		<key>511BEFE41DACABF1008C5212</key>
		<dict>
			<key>fileRef</key>
			<string>511BEFE31DACABF1008C5212</string>
			<key>isa</key>
			<string>PBXBuildFile</string>
		</dict>
		<key>511BEFE51DACABF1008C5212</key>
		<dict>
			<key>children</key>
			<array>
				<string>511BEFE61DACABF1008C5212</string>
			</array>
			<key>isa</key>
			<string>PBXVariantGroup</string>
			<key>name</key>
			<string>LaunchScreen.storyboard</string>
			<key>sourceTree</key>
			<string>&lt;group&gt;</string>
		</dict>
		<key>511BEFE61DACABF1008C5212</key>
		<dict>
			<key>isa</key>
			<string>PBXFileReference</string>
			<key>lastKnownFileType</key>
			<string>file.storyboard</string>
			<key>name</key>
			<string>Base</string>
			<key>path</key>
			<string>Base.lproj/LaunchScreen.storyboard</string>
			<key>sourceTree</key>
			<string>&lt;group&gt;</string>
		</dict>
		<key>511BEFE71DACABF1008C5212</key>
		<dict>
			<key>fileRef</key>
			<string>511BEFE51DACABF1008C5212</string>
			<key>isa</key>
			<string>PBXBuildFile</string>
		</dict>
		<key>511BEFE81DACABF1008C5212</key>
		<dict>
			<key>isa</key>
			<string>PBXFileReference</string>
			<key>lastKnownFileType</key>
			<string>text.plist.xml</string>
			<key>path</key>
			<string>Info.plist</string>
			<key>sourceTree</key>
			<string>&lt;group&gt;</string>
		</dict>
		<key>511BEFE91DACABF1008C5212</key>
		<dict>
			<key>buildActionMask</key>
			<string>2147483647</string>
			<key>files</key>
			<array>
				<string>511BEFF21DACABF1008C5212</string>
			</array>
			<key>isa</key>
			<string>PBXSourcesBuildPhase</string>
			<key>runOnlyForDeploymentPostprocessing</key>
			<string>0</string>
		</dict>
		<key>511BEFEA1DACABF1008C5212</key>
		<dict>
			<key>buildActionMask</key>
			<string>2147483647</string>
			<key>files</key>
			<array>
				<string>6A3C62AE87533AFBFAE2150F</string>
			</array>
			<key>isa</key>
			<string>PBXFrameworksBuildPhase</string>
			<key>runOnlyForDeploymentPostprocessing</key>
			<string>0</string>
		</dict>
		<key>511BEFEB1DACABF1008C5212</key>
		<dict>
			<key>buildActionMask</key>
			<string>2147483647</string>
			<key>files</key>
			<array/>
			<key>isa</key>
			<string>PBXResourcesBuildPhase</string>
			<key>runOnlyForDeploymentPostprocessing</key>
			<string>0</string>
		</dict>
		<key>511BEFEC1DACABF1008C5212</key>
		<dict>
			<key>buildConfigurationList</key>
			<string>511BF0041DACABF1008C5212</string>
			<key>buildPhases</key>
			<array>
				<string>BB5436FB9D32BA32F5DE857C</string>
				<string>511BEFE91DACABF1008C5212</string>
				<string>511BEFEA1DACABF1008C5212</string>
				<string>511BEFEB1DACABF1008C5212</string>
				<string>700B80C9F1BD29FFD81F9B20</string>
				<string>39472B17FCDE2A76F96D295D</string>
			</array>
			<key>buildRules</key>
			<array/>
			<key>dependencies</key>
			<array>
				<string>511BEFEF1DACABF1008C5212</string>
			</array>
			<key>isa</key>
			<string>PBXNativeTarget</string>
			<key>name</key>
			<string>ZGDScrollerViewTests</string>
			<key>productName</key>
			<string>ZGDScrollerViewTests</string>
			<key>productReference</key>
			<string>511BEFED1DACABF1008C5212</string>
			<key>productType</key>
			<string>com.apple.product-type.bundle.unit-test</string>
		</dict>
		<key>511BEFED1DACABF1008C5212</key>
		<dict>
			<key>explicitFileType</key>
			<string>wrapper.cfbundle</string>
			<key>includeInIndex</key>
			<string>0</string>
			<key>isa</key>
			<string>PBXFileReference</string>
			<key>path</key>
			<string>ZGDScrollerViewTests.xctest</string>
			<key>sourceTree</key>
			<string>BUILT_PRODUCTS_DIR</string>
		</dict>
		<key>511BEFEE1DACABF1008C5212</key>
		<dict>
			<key>containerPortal</key>
			<string>511BEFCC1DACABF1008C5212</string>
			<key>isa</key>
			<string>PBXContainerItemProxy</string>
			<key>proxyType</key>
			<string>1</string>
			<key>remoteGlobalIDString</key>
			<string>511BEFD31DACABF1008C5212</string>
			<key>remoteInfo</key>
			<string>ZGDScrollerView</string>
		</dict>
		<key>511BEFEF1DACABF1008C5212</key>
		<dict>
			<key>isa</key>
			<string>PBXTargetDependency</string>
			<key>target</key>
			<string>511BEFD31DACABF1008C5212</string>
			<key>targetProxy</key>
			<string>511BEFEE1DACABF1008C5212</string>
		</dict>
		<key>511BEFF01DACABF1008C5212</key>
		<dict>
			<key>children</key>
			<array>
				<string>511BEFF11DACABF1008C5212</string>
				<string>511BEFF31DACABF1008C5212</string>
			</array>
			<key>isa</key>
			<string>PBXGroup</string>
			<key>path</key>
			<string>ZGDScrollerViewTests</string>
			<key>sourceTree</key>
			<string>&lt;group&gt;</string>
		</dict>
		<key>511BEFF11DACABF1008C5212</key>
		<dict>
			<key>isa</key>
			<string>PBXFileReference</string>
			<key>lastKnownFileType</key>
			<string>sourcecode.c.objc</string>
			<key>path</key>
			<string>ZGDScrollerViewTests.m</string>
			<key>sourceTree</key>
			<string>&lt;group&gt;</string>
		</dict>
		<key>511BEFF21DACABF1008C5212</key>
		<dict>
			<key>fileRef</key>
			<string>511BEFF11DACABF1008C5212</string>
			<key>isa</key>
			<string>PBXBuildFile</string>
		</dict>
		<key>511BEFF31DACABF1008C5212</key>
		<dict>
			<key>isa</key>
			<string>PBXFileReference</string>
			<key>lastKnownFileType</key>
			<string>text.plist.xml</string>
			<key>path</key>
			<string>Info.plist</string>
			<key>sourceTree</key>
			<string>&lt;group&gt;</string>
		</dict>
		<key>511BEFF41DACABF1008C5212</key>
		<dict>
			<key>buildActionMask</key>
			<string>2147483647</string>
			<key>files</key>
			<array>
				<string>511BEFFD1DACABF1008C5212</string>
			</array>
			<key>isa</key>
			<string>PBXSourcesBuildPhase</string>
			<key>runOnlyForDeploymentPostprocessing</key>
			<string>0</string>
		</dict>
		<key>511BEFF51DACABF1008C5212</key>
		<dict>
			<key>buildActionMask</key>
			<string>2147483647</string>
			<key>files</key>
			<array>
				<string>FB7A8F5CEE8F5A429BC188D5</string>
			</array>
			<key>isa</key>
			<string>PBXFrameworksBuildPhase</string>
			<key>runOnlyForDeploymentPostprocessing</key>
			<string>0</string>
		</dict>
		<key>511BEFF61DACABF1008C5212</key>
		<dict>
			<key>buildActionMask</key>
			<string>2147483647</string>
			<key>files</key>
			<array/>
			<key>isa</key>
			<string>PBXResourcesBuildPhase</string>
			<key>runOnlyForDeploymentPostprocessing</key>
			<string>0</string>
		</dict>
		<key>511BEFF71DACABF1008C5212</key>
		<dict>
			<key>buildConfigurationList</key>
			<string>511BF0071DACABF1008C5212</string>
			<key>buildPhases</key>
			<array>
				<string>0024395FBFE16B453513F8F8</string>
				<string>511BEFF41DACABF1008C5212</string>
				<string>511BEFF51DACABF1008C5212</string>
				<string>511BEFF61DACABF1008C5212</string>
				<string>1F6396933D543D7E45EA9577</string>
			</array>
			<key>buildRules</key>
			<array/>
			<key>dependencies</key>
			<array>
				<string>511BEFFA1DACABF1008C5212</string>
			</array>
			<key>isa</key>
			<string>PBXNativeTarget</string>
			<key>name</key>
			<string>ZGDScrollerViewUITests</string>
			<key>productName</key>
			<string>ZGDScrollerViewUITests</string>
			<key>productReference</key>
			<string>511BEFF81DACABF1008C5212</string>
			<key>productType</key>
			<string>com.apple.product-type.bundle.ui-testing</string>
		</dict>
		<key>511BEFF81DACABF1008C5212</key>
		<dict>
			<key>explicitFileType</key>
			<string>wrapper.cfbundle</string>
			<key>includeInIndex</key>
			<string>0</string>
			<key>isa</key>
			<string>PBXFileReference</string>
			<key>path</key>
			<string>ZGDScrollerViewUITests.xctest</string>
			<key>sourceTree</key>
			<string>BUILT_PRODUCTS_DIR</string>
		</dict>
		<key>511BEFF91DACABF1008C5212</key>
		<dict>
			<key>containerPortal</key>
			<string>511BEFCC1DACABF1008C5212</string>
			<key>isa</key>
			<string>PBXContainerItemProxy</string>
			<key>proxyType</key>
			<string>1</string>
			<key>remoteGlobalIDString</key>
			<string>511BEFD31DACABF1008C5212</string>
			<key>remoteInfo</key>
			<string>ZGDScrollerView</string>
		</dict>
		<key>511BEFFA1DACABF1008C5212</key>
		<dict>
			<key>isa</key>
			<string>PBXTargetDependency</string>
			<key>target</key>
			<string>511BEFD31DACABF1008C5212</string>
			<key>targetProxy</key>
			<string>511BEFF91DACABF1008C5212</string>
		</dict>
		<key>511BEFFB1DACABF1008C5212</key>
		<dict>
			<key>children</key>
			<array>
				<string>511BEFFC1DACABF1008C5212</string>
				<string>511BEFFE1DACABF1008C5212</string>
			</array>
			<key>isa</key>
			<string>PBXGroup</string>
			<key>path</key>
			<string>ZGDScrollerViewUITests</string>
			<key>sourceTree</key>
			<string>&lt;group&gt;</string>
		</dict>
		<key>511BEFFC1DACABF1008C5212</key>
		<dict>
			<key>isa</key>
			<string>PBXFileReference</string>
			<key>lastKnownFileType</key>
			<string>sourcecode.c.objc</string>
			<key>path</key>
			<string>ZGDScrollerViewUITests.m</string>
			<key>sourceTree</key>
			<string>&lt;group&gt;</string>
		</dict>
		<key>511BEFFD1DACABF1008C5212</key>
		<dict>
			<key>fileRef</key>
			<string>511BEFFC1DACABF1008C5212</string>
			<key>isa</key>
			<string>PBXBuildFile</string>
		</dict>
		<key>511BEFFE1DACABF1008C5212</key>
		<dict>
			<key>isa</key>
			<string>PBXFileReference</string>
			<key>lastKnownFileType</key>
			<string>text.plist.xml</string>
			<key>path</key>
			<string>Info.plist</string>
			<key>sourceTree</key>
			<string>&lt;group&gt;</string>
		</dict>
		<key>511BEFFF1DACABF1008C5212</key>
		<dict>
			<key>buildSettings</key>
			<dict>
				<key>ALWAYS_SEARCH_USER_PATHS</key>
				<string>NO</string>
				<key>CLANG_ANALYZER_NONNULL</key>
				<string>YES</string>
				<key>CLANG_CXX_LANGUAGE_STANDARD</key>
				<string>gnu++0x</string>
				<key>CLANG_CXX_LIBRARY</key>
				<string>libc++</string>
				<key>CLANG_ENABLE_MODULES</key>
				<string>YES</string>
				<key>CLANG_ENABLE_OBJC_ARC</key>
				<string>YES</string>
				<key>CLANG_WARN_BOOL_CONVERSION</key>
				<string>YES</string>
				<key>CLANG_WARN_CONSTANT_CONVERSION</key>
				<string>YES</string>
				<key>CLANG_WARN_DIRECT_OBJC_ISA_USAGE</key>
				<string>YES_ERROR</string>
				<key>CLANG_WARN_DOCUMENTATION_COMMENTS</key>
				<string>YES</string>
				<key>CLANG_WARN_EMPTY_BODY</key>
				<string>YES</string>
				<key>CLANG_WARN_ENUM_CONVERSION</key>
				<string>YES</string>
				<key>CLANG_WARN_INFINITE_RECURSION</key>
				<string>YES</string>
				<key>CLANG_WARN_INT_CONVERSION</key>
				<string>YES</string>
				<key>CLANG_WARN_OBJC_ROOT_CLASS</key>
				<string>YES_ERROR</string>
				<key>CLANG_WARN_SUSPICIOUS_MOVES</key>
				<string>YES</string>
				<key>CLANG_WARN_UNREACHABLE_CODE</key>
				<string>YES</string>
				<key>CLANG_WARN__DUPLICATE_METHOD_MATCH</key>
				<string>YES</string>
				<key>CODE_SIGN_IDENTITY[sdk=iphoneos*]</key>
				<string>iPhone Developer</string>
				<key>COPY_PHASE_STRIP</key>
				<string>NO</string>
				<key>DEBUG_INFORMATION_FORMAT</key>
				<string>dwarf</string>
				<key>ENABLE_STRICT_OBJC_MSGSEND</key>
				<string>YES</string>
				<key>ENABLE_TESTABILITY</key>
				<string>YES</string>
				<key>GCC_C_LANGUAGE_STANDARD</key>
				<string>gnu99</string>
				<key>GCC_DYNAMIC_NO_PIC</key>
				<string>NO</string>
				<key>GCC_NO_COMMON_BLOCKS</key>
				<string>YES</string>
				<key>GCC_OPTIMIZATION_LEVEL</key>
				<string>0</string>
				<key>GCC_PREPROCESSOR_DEFINITIONS</key>
				<array>
					<string>DEBUG=1</string>
					<string>$(inherited)</string>
				</array>
				<key>GCC_WARN_64_TO_32_BIT_CONVERSION</key>
				<string>YES</string>
				<key>GCC_WARN_ABOUT_RETURN_TYPE</key>
				<string>YES_ERROR</string>
				<key>GCC_WARN_UNDECLARED_SELECTOR</key>
				<string>YES</string>
				<key>GCC_WARN_UNINITIALIZED_AUTOS</key>
				<string>YES_AGGRESSIVE</string>
				<key>GCC_WARN_UNUSED_FUNCTION</key>
				<string>YES</string>
				<key>GCC_WARN_UNUSED_VARIABLE</key>
				<string>YES</string>
				<key>IPHONEOS_DEPLOYMENT_TARGET</key>
				<string>10.0</string>
				<key>MTL_ENABLE_DEBUG_INFO</key>
				<string>YES</string>
				<key>ONLY_ACTIVE_ARCH</key>
				<string>YES</string>
				<key>SDKROOT</key>
				<string>iphoneos</string>
				<key>TARGETED_DEVICE_FAMILY</key>
				<string>1,2</string>
			</dict>
			<key>isa</key>
			<string>XCBuildConfiguration</string>
			<key>name</key>
			<string>Debug</string>
		</dict>
		<key>511BF0001DACABF1008C5212</key>
		<dict>
			<key>buildSettings</key>
			<dict>
				<key>ALWAYS_SEARCH_USER_PATHS</key>
				<string>NO</string>
				<key>CLANG_ANALYZER_NONNULL</key>
				<string>YES</string>
				<key>CLANG_CXX_LANGUAGE_STANDARD</key>
				<string>gnu++0x</string>
				<key>CLANG_CXX_LIBRARY</key>
				<string>libc++</string>
				<key>CLANG_ENABLE_MODULES</key>
				<string>YES</string>
				<key>CLANG_ENABLE_OBJC_ARC</key>
				<string>YES</string>
				<key>CLANG_WARN_BOOL_CONVERSION</key>
				<string>YES</string>
				<key>CLANG_WARN_CONSTANT_CONVERSION</key>
				<string>YES</string>
				<key>CLANG_WARN_DIRECT_OBJC_ISA_USAGE</key>
				<string>YES_ERROR</string>
				<key>CLANG_WARN_DOCUMENTATION_COMMENTS</key>
				<string>YES</string>
				<key>CLANG_WARN_EMPTY_BODY</key>
				<string>YES</string>
				<key>CLANG_WARN_ENUM_CONVERSION</key>
				<string>YES</string>
				<key>CLANG_WARN_INFINITE_RECURSION</key>
				<string>YES</string>
				<key>CLANG_WARN_INT_CONVERSION</key>
				<string>YES</string>
				<key>CLANG_WARN_OBJC_ROOT_CLASS</key>
				<string>YES_ERROR</string>
				<key>CLANG_WARN_SUSPICIOUS_MOVES</key>
				<string>YES</string>
				<key>CLANG_WARN_UNREACHABLE_CODE</key>
				<string>YES</string>
				<key>CLANG_WARN__DUPLICATE_METHOD_MATCH</key>
				<string>YES</string>
				<key>CODE_SIGN_IDENTITY[sdk=iphoneos*]</key>
				<string>iPhone Developer</string>
				<key>COPY_PHASE_STRIP</key>
				<string>NO</string>
				<key>DEBUG_INFORMATION_FORMAT</key>
				<string>dwarf-with-dsym</string>
				<key>ENABLE_NS_ASSERTIONS</key>
				<string>NO</string>
				<key>ENABLE_STRICT_OBJC_MSGSEND</key>
				<string>YES</string>
				<key>GCC_C_LANGUAGE_STANDARD</key>
				<string>gnu99</string>
				<key>GCC_NO_COMMON_BLOCKS</key>
				<string>YES</string>
				<key>GCC_WARN_64_TO_32_BIT_CONVERSION</key>
				<string>YES</string>
				<key>GCC_WARN_ABOUT_RETURN_TYPE</key>
				<string>YES_ERROR</string>
				<key>GCC_WARN_UNDECLARED_SELECTOR</key>
				<string>YES</string>
				<key>GCC_WARN_UNINITIALIZED_AUTOS</key>
				<string>YES_AGGRESSIVE</string>
				<key>GCC_WARN_UNUSED_FUNCTION</key>
				<string>YES</string>
				<key>GCC_WARN_UNUSED_VARIABLE</key>
				<string>YES</string>
				<key>IPHONEOS_DEPLOYMENT_TARGET</key>
				<string>10.0</string>
				<key>MTL_ENABLE_DEBUG_INFO</key>
				<string>NO</string>
				<key>SDKROOT</key>
				<string>iphoneos</string>
				<key>TARGETED_DEVICE_FAMILY</key>
				<string>1,2</string>
				<key>VALIDATE_PRODUCT</key>
				<string>YES</string>
			</dict>
			<key>isa</key>
			<string>XCBuildConfiguration</string>
			<key>name</key>
			<string>Release</string>
		</dict>
		<key>511BF0011DACABF1008C5212</key>
		<dict>
			<key>buildConfigurations</key>
			<array>
				<string>511BF0021DACABF1008C5212</string>
				<string>511BF0031DACABF1008C5212</string>
			</array>
			<key>defaultConfigurationIsVisible</key>
			<string>0</string>
			<key>isa</key>
			<string>XCConfigurationList</string>
		</dict>
		<key>511BF0021DACABF1008C5212</key>
		<dict>
			<key>baseConfigurationReference</key>
			<string>74A1C175F3FCDE09ABA9E6A1</string>
			<key>buildSettings</key>
			<dict>
				<key>ASSETCATALOG_COMPILER_APPICON_NAME</key>
				<string>AppIcon</string>
				<key>DEVELOPMENT_TEAM</key>
				<string>U2B7UK435Y</string>
				<key>INFOPLIST_FILE</key>
				<string>ZGDScrollerView/Info.plist</string>
				<key>LD_RUNPATH_SEARCH_PATHS</key>
				<string>$(inherited) @executable_path/Frameworks</string>
				<key>PRODUCT_BUNDLE_IDENTIFIER</key>
				<string>com.zgd.www.ZGDScrollerView</string>
				<key>PRODUCT_NAME</key>
				<string>$(TARGET_NAME)</string>
			</dict>
			<key>isa</key>
			<string>XCBuildConfiguration</string>
			<key>name</key>
			<string>Debug</string>
		</dict>
		<key>511BF0031DACABF1008C5212</key>
		<dict>
			<key>baseConfigurationReference</key>
			<string>8F00F3D8F4DFE35EBE56511E</string>
			<key>buildSettings</key>
			<dict>
				<key>ASSETCATALOG_COMPILER_APPICON_NAME</key>
				<string>AppIcon</string>
				<key>DEVELOPMENT_TEAM</key>
				<string>U2B7UK435Y</string>
				<key>INFOPLIST_FILE</key>
				<string>ZGDScrollerView/Info.plist</string>
				<key>LD_RUNPATH_SEARCH_PATHS</key>
				<string>$(inherited) @executable_path/Frameworks</string>
				<key>PRODUCT_BUNDLE_IDENTIFIER</key>
				<string>com.zgd.www.ZGDScrollerView</string>
				<key>PRODUCT_NAME</key>
				<string>$(TARGET_NAME)</string>
			</dict>
			<key>isa</key>
			<string>XCBuildConfiguration</string>
			<key>name</key>
			<string>Release</string>
		</dict>
		<key>511BF0041DACABF1008C5212</key>
		<dict>
			<key>buildConfigurations</key>
			<array>
				<string>511BF0051DACABF1008C5212</string>
				<string>511BF0061DACABF1008C5212</string>
			</array>
			<key>defaultConfigurationIsVisible</key>
			<string>0</string>
			<key>isa</key>
			<string>XCConfigurationList</string>
		</dict>
		<key>511BF0051DACABF1008C5212</key>
		<dict>
			<key>baseConfigurationReference</key>
			<string>8053141348A7F8CF16A32550</string>
			<key>buildSettings</key>
			<dict>
				<key>BUNDLE_LOADER</key>
				<string>$(TEST_HOST)</string>
				<key>DEVELOPMENT_TEAM</key>
				<string>U2B7UK435Y</string>
				<key>INFOPLIST_FILE</key>
				<string>ZGDScrollerViewTests/Info.plist</string>
				<key>LD_RUNPATH_SEARCH_PATHS</key>
				<string>$(inherited) @executable_path/Frameworks @loader_path/Frameworks</string>
				<key>PRODUCT_BUNDLE_IDENTIFIER</key>
				<string>com.zgd.www.ZGDScrollerViewTests</string>
				<key>PRODUCT_NAME</key>
				<string>$(TARGET_NAME)</string>
				<key>TEST_HOST</key>
				<string>$(BUILT_PRODUCTS_DIR)/ZGDScrollerView.app/ZGDScrollerView</string>
			</dict>
			<key>isa</key>
			<string>XCBuildConfiguration</string>
			<key>name</key>
			<string>Debug</string>
		</dict>
		<key>511BF0061DACABF1008C5212</key>
		<dict>
			<key>baseConfigurationReference</key>
			<string>3AB4C5028CFE885BDC48CDBE</string>
			<key>buildSettings</key>
			<dict>
				<key>BUNDLE_LOADER</key>
				<string>$(TEST_HOST)</string>
				<key>DEVELOPMENT_TEAM</key>
				<string>U2B7UK435Y</string>
				<key>INFOPLIST_FILE</key>
				<string>ZGDScrollerViewTests/Info.plist</string>
				<key>LD_RUNPATH_SEARCH_PATHS</key>
				<string>$(inherited) @executable_path/Frameworks @loader_path/Frameworks</string>
				<key>PRODUCT_BUNDLE_IDENTIFIER</key>
				<string>com.zgd.www.ZGDScrollerViewTests</string>
				<key>PRODUCT_NAME</key>
				<string>$(TARGET_NAME)</string>
				<key>TEST_HOST</key>
				<string>$(BUILT_PRODUCTS_DIR)/ZGDScrollerView.app/ZGDScrollerView</string>
			</dict>
			<key>isa</key>
			<string>XCBuildConfiguration</string>
			<key>name</key>
			<string>Release</string>
		</dict>
		<key>511BF0071DACABF1008C5212</key>
		<dict>
			<key>buildConfigurations</key>
			<array>
				<string>511BF0081DACABF1008C5212</string>
				<string>511BF0091DACABF1008C5212</string>
			</array>
			<key>defaultConfigurationIsVisible</key>
			<string>0</string>
			<key>isa</key>
			<string>XCConfigurationList</string>
		</dict>
		<key>511BF0081DACABF1008C5212</key>
		<dict>
			<key>baseConfigurationReference</key>
			<string>F8216629D0B3F655A93A5280</string>
			<key>buildSettings</key>
			<dict>
				<key>DEVELOPMENT_TEAM</key>
				<string>U2B7UK435Y</string>
				<key>INFOPLIST_FILE</key>
				<string>ZGDScrollerViewUITests/Info.plist</string>
				<key>LD_RUNPATH_SEARCH_PATHS</key>
				<string>$(inherited) @executable_path/Frameworks @loader_path/Frameworks</string>
				<key>PRODUCT_BUNDLE_IDENTIFIER</key>
				<string>com.zgd.www.ZGDScrollerViewUITests</string>
				<key>PRODUCT_NAME</key>
				<string>$(TARGET_NAME)</string>
				<key>TEST_TARGET_NAME</key>
				<string>ZGDScrollerView</string>
			</dict>
			<key>isa</key>
			<string>XCBuildConfiguration</string>
			<key>name</key>
			<string>Debug</string>
		</dict>
		<key>511BF0091DACABF1008C5212</key>
		<dict>
			<key>baseConfigurationReference</key>
			<string>37078E6A1FEC1AC06158F9F5</string>
			<key>buildSettings</key>
			<dict>
				<key>DEVELOPMENT_TEAM</key>
				<string>U2B7UK435Y</string>
				<key>INFOPLIST_FILE</key>
				<string>ZGDScrollerViewUITests/Info.plist</string>
				<key>LD_RUNPATH_SEARCH_PATHS</key>
				<string>$(inherited) @executable_path/Frameworks @loader_path/Frameworks</string>
				<key>PRODUCT_BUNDLE_IDENTIFIER</key>
				<string>com.zgd.www.ZGDScrollerViewUITests</string>
				<key>PRODUCT_NAME</key>
				<string>$(TARGET_NAME)</string>
				<key>TEST_TARGET_NAME</key>
				<string>ZGDScrollerView</string>
			</dict>
			<key>isa</key>
			<string>XCBuildConfiguration</string>
			<key>name</key>
			<string>Release</string>
		</dict>
		<key>511BF00A1DACACCA008C5212</key>
		<dict>
			<key>children</key>
			<array>
				<string>511BF00B1DACACCA008C5212</string>
				<string>511BF00C1DACACCA008C5212</string>
				<string>511BF00D1DACACCA008C5212</string>
				<string>511BF00E1DACACCA008C5212</string>
				<string>511BF00F1DACACCA008C5212</string>
			</array>
			<key>isa</key>
			<string>PBXGroup</string>
			<key>path</key>
			<string>scroller</string>
			<key>sourceTree</key>
			<string>&lt;group&gt;</string>
		</dict>
		<key>511BF00B1DACACCA008C5212</key>
		<dict>
			<key>fileEncoding</key>
			<string>4</string>
			<key>isa</key>
			<string>PBXFileReference</string>
			<key>lastKnownFileType</key>
			<string>sourcecode.c.h</string>
			<key>path</key>
			<string>myCollectionViewCell.h</string>
			<key>sourceTree</key>
			<string>&lt;group&gt;</string>
		</dict>
		<key>511BF00C1DACACCA008C5212</key>
		<dict>
			<key>fileEncoding</key>
			<string>4</string>
			<key>isa</key>
			<string>PBXFileReference</string>
			<key>lastKnownFileType</key>
			<string>sourcecode.c.objc</string>
			<key>path</key>
			<string>myCollectionViewCell.m</string>
			<key>sourceTree</key>
			<string>&lt;group&gt;</string>
		</dict>
		<key>511BF00D1DACACCA008C5212</key>
		<dict>
			<key>fileEncoding</key>
			<string>4</string>
			<key>isa</key>
			<string>PBXFileReference</string>
			<key>lastKnownFileType</key>
			<string>file.xib</string>
			<key>path</key>
			<string>myCollectionViewCell.xib</string>
			<key>sourceTree</key>
			<string>&lt;group&gt;</string>
		</dict>
		<key>511BF00E1DACACCA008C5212</key>
		<dict>
			<key>fileEncoding</key>
			<string>4</string>
			<key>isa</key>
			<string>PBXFileReference</string>
			<key>lastKnownFileType</key>
			<string>sourcecode.c.h</string>
			<key>path</key>
			<string>ZGDScrollView.h</string>
			<key>sourceTree</key>
			<string>&lt;group&gt;</string>
		</dict>
		<key>511BF00F1DACACCA008C5212</key>
		<dict>
			<key>fileEncoding</key>
			<string>4</string>
			<key>isa</key>
			<string>PBXFileReference</string>
			<key>lastKnownFileType</key>
			<string>sourcecode.c.objc</string>
			<key>path</key>
			<string>ZGDScrollView.m</string>
			<key>sourceTree</key>
			<string>&lt;group&gt;</string>
		</dict>
		<key>511BF0101DACACCA008C5212</key>
		<dict>
			<key>fileRef</key>
			<string>511BF00C1DACACCA008C5212</string>
			<key>isa</key>
			<string>PBXBuildFile</string>
		</dict>
		<key>511BF0111DACACCA008C5212</key>
		<dict>
			<key>fileRef</key>
			<string>511BF00D1DACACCA008C5212</string>
			<key>isa</key>
			<string>PBXBuildFile</string>
		</dict>
		<key>511BF0121DACACCA008C5212</key>
		<dict>
			<key>fileRef</key>
			<string>511BF00F1DACACCA008C5212</string>
			<key>isa</key>
			<string>PBXBuildFile</string>
		</dict>
		<key>6A3C62AE87533AFBFAE2150F</key>
		<dict>
			<key>fileRef</key>
			<string>FD11EA234C09937A32756BE7</string>
			<key>isa</key>
			<string>PBXBuildFile</string>
		</dict>
		<key>700B80C9F1BD29FFD81F9B20</key>
		<dict>
			<key>buildActionMask</key>
			<string>2147483647</string>
			<key>files</key>
			<array/>
			<key>inputPaths</key>
			<array/>
			<key>isa</key>
			<string>PBXShellScriptBuildPhase</string>
			<key>name</key>
			<string>&#128230; Embed Pods Frameworks</string>
			<key>outputPaths</key>
			<array/>
			<key>runOnlyForDeploymentPostprocessing</key>
			<string>0</string>
			<key>shellPath</key>
			<string>/bin/sh</string>
			<key>shellScript</key>
			<string>"${SRCROOT}/Pods/Target Support Files/Pods-ZGDScrollerViewTests/Pods-ZGDScrollerViewTests-frameworks.sh"
</string>
			<key>showEnvVarsInLog</key>
			<string>0</string>
		</dict>
		<key>70C12CFD08E184EEBC01F3C6</key>
		<dict>
			<key>children</key>
			<array>
				<string>74A1C175F3FCDE09ABA9E6A1</string>
				<string>8F00F3D8F4DFE35EBE56511E</string>
				<string>8053141348A7F8CF16A32550</string>
				<string>3AB4C5028CFE885BDC48CDBE</string>
				<string>F8216629D0B3F655A93A5280</string>
				<string>37078E6A1FEC1AC06158F9F5</string>
			</array>
			<key>isa</key>
			<string>PBXGroup</string>
			<key>name</key>
			<string>Pods</string>
			<key>sourceTree</key>
			<string>&lt;group&gt;</string>
		</dict>
		<key>74A1C175F3FCDE09ABA9E6A1</key>
		<dict>
			<key>includeInIndex</key>
			<string>1</string>
			<key>isa</key>
			<string>PBXFileReference</string>
			<key>lastKnownFileType</key>
			<string>text.xcconfig</string>
			<key>name</key>
			<string>Pods-ZGDScrollerView.debug.xcconfig</string>
			<key>path</key>
			<string>Pods/Target Support Files/Pods-ZGDScrollerView/Pods-ZGDScrollerView.debug.xcconfig</string>
			<key>sourceTree</key>
			<string>&lt;group&gt;</string>
		</dict>
		<key>8053141348A7F8CF16A32550</key>
		<dict>
			<key>includeInIndex</key>
			<string>1</string>
			<key>isa</key>
			<string>PBXFileReference</string>
			<key>lastKnownFileType</key>
			<string>text.xcconfig</string>
			<key>name</key>
			<string>Pods-ZGDScrollerViewTests.debug.xcconfig</string>
			<key>path</key>
			<string>Pods/Target Support Files/Pods-ZGDScrollerViewTests/Pods-ZGDScrollerViewTests.debug.xcconfig</string>
			<key>sourceTree</key>
			<string>&lt;group&gt;</string>
		</dict>
		<key>88D14209F08860035E7E38DC</key>
		<dict>
			<key>buildActionMask</key>
			<string>2147483647</string>
			<key>files</key>
			<array/>
			<key>inputPaths</key>
			<array/>
			<key>isa</key>
			<string>PBXShellScriptBuildPhase</string>
			<key>name</key>
			<string>&#128230; Check Pods Manifest.lock</string>
			<key>outputPaths</key>
			<array/>
			<key>runOnlyForDeploymentPostprocessing</key>
			<string>0</string>
			<key>shellPath</key>
			<string>/bin/sh</string>
			<key>shellScript</key>
			<string>diff "${PODS_ROOT}/../Podfile.lock" "${PODS_ROOT}/Manifest.lock" &gt; /dev/null
if [[ $? != 0 ]] ; then
    cat &lt;&lt; EOM
error: The sandbox is not in sync with the Podfile.lock. Run 'pod install' or update your CocoaPods installation.
EOM
    exit 1
fi
</string>
			<key>showEnvVarsInLog</key>
			<string>0</string>
		</dict>
		<key>8F00F3D8F4DFE35EBE56511E</key>
		<dict>
			<key>includeInIndex</key>
			<string>1</string>
			<key>isa</key>
			<string>PBXFileReference</string>
			<key>lastKnownFileType</key>
			<string>text.xcconfig</string>
			<key>name</key>
			<string>Pods-ZGDScrollerView.release.xcconfig</string>
			<key>path</key>
			<string>Pods/Target Support Files/Pods-ZGDScrollerView/Pods-ZGDScrollerView.release.xcconfig</string>
			<key>sourceTree</key>
			<string>&lt;group&gt;</string>
		</dict>
		<key>A5541455552F4B935CB367B8</key>
		<dict>
			<key>buildActionMask</key>
			<string>2147483647</string>
			<key>files</key>
			<array/>
			<key>inputPaths</key>
			<array/>
			<key>isa</key>
			<string>PBXShellScriptBuildPhase</string>
			<key>name</key>
			<string>&#128230; Embed Pods Frameworks</string>
			<key>outputPaths</key>
			<array/>
			<key>runOnlyForDeploymentPostprocessing</key>
			<string>0</string>
			<key>shellPath</key>
			<string>/bin/sh</string>
			<key>shellScript</key>
			<string>"${SRCROOT}/Pods/Target Support Files/Pods-ZGDScrollerView/Pods-ZGDScrollerView-frameworks.sh"
</string>
			<key>showEnvVarsInLog</key>
			<string>0</string>
		</dict>
		<key>BB5436FB9D32BA32F5DE857C</key>
		<dict>
			<key>buildActionMask</key>
			<string>2147483647</string>
			<key>files</key>
			<array/>
			<key>inputPaths</key>
			<array/>
			<key>isa</key>
			<string>PBXShellScriptBuildPhase</string>
			<key>name</key>
			<string>&#128230; Check Pods Manifest.lock</string>
			<key>outputPaths</key>
			<array/>
			<key>runOnlyForDeploymentPostprocessing</key>
			<string>0</string>
			<key>shellPath</key>
			<string>/bin/sh</string>
			<key>shellScript</key>
			<string>diff "${PODS_ROOT}/../Podfile.lock" "${PODS_ROOT}/Manifest.lock" &gt; /dev/null
if [[ $? != 0 ]] ; then
    cat &lt;&lt; EOM
error: The sandbox is not in sync with the Podfile.lock. Run 'pod install' or update your CocoaPods installation.
EOM
    exit 1
fi
</string>
			<key>showEnvVarsInLog</key>
			<string>0</string>
		</dict>
		<key>F4CA9BDF3E08407F4BAAC898</key>
		<dict>
			<key>explicitFileType</key>
			<string>archive.ar</string>
			<key>includeInIndex</key>
			<string>0</string>
			<key>isa</key>
			<string>PBXFileReference</string>
			<key>path</key>
			<string>libPods-ZGDScrollerViewUITests.a</string>
			<key>sourceTree</key>
			<string>BUILT_PRODUCTS_DIR</string>
		</dict>
		<key>F8216629D0B3F655A93A5280</key>
		<dict>
			<key>includeInIndex</key>
			<string>1</string>
			<key>isa</key>
			<string>PBXFileReference</string>
			<key>lastKnownFileType</key>
			<string>text.xcconfig</string>
			<key>name</key>
			<string>Pods-ZGDScrollerViewUITests.debug.xcconfig</string>
			<key>path</key>
			<string>Pods/Target Support Files/Pods-ZGDScrollerViewUITests/Pods-ZGDScrollerViewUITests.debug.xcconfig</string>
			<key>sourceTree</key>
			<string>&lt;group&gt;</string>
		</dict>
		<key>F891FB26AE4E4B41C5020D52</key>
		<dict>
			<key>fileRef</key>
			<string>0DE88338F7D31FE07050F3B3</string>
			<key>isa</key>
			<string>PBXBuildFile</string>
		</dict>
		<key>FB7A8F5CEE8F5A429BC188D5</key>
		<dict>
			<key>fileRef</key>
			<string>F4CA9BDF3E08407F4BAAC898</string>
			<key>isa</key>
			<string>PBXBuildFile</string>
		</dict>
		<key>FD11EA234C09937A32756BE7</key>
		<dict>
			<key>explicitFileType</key>
			<string>archive.ar</string>
			<key>includeInIndex</key>
			<string>0</string>
			<key>isa</key>
			<string>PBXFileReference</string>
			<key>path</key>
			<string>libPods-ZGDScrollerViewTests.a</string>
			<key>sourceTree</key>
			<string>BUILT_PRODUCTS_DIR</string>
		</dict>
	</dict>
	<key>rootObject</key>
	<string>511BEFCC1DACABF1008C5212</string>
</dict>
</plist>
